
Microsoft Visual Studio Solution File, Format Version 12.00
# Visual Studio Version 16
VisualStudioVersion = 16.0.29209.62
MinimumVisualStudioVersion = 10.0.40219.1
Project("{FAE04EC0-301F-11D3-BF4B-00C04F79EFBC}") = "WpfCalc", "WpfCalc\WpfCalc.csproj", "{2D5DB09B-6E16-4662-960E-34FB3217B070}"
EndProject
Global
	GlobalSection(SolutionConfigurationPlatforms) = preSolution
		Debug|Any CPU = Debug|Any CPU
		Release|Any CPU = Release|Any CPU
	EndGlobalSection
	GlobalSection(ProjectConfigurationPlatforms) = postSolution
		{2D5DB09B-6E16-4662-960E-34FB3217B070}.Debug|Any CPU.ActiveCfg = Debug|Any CPU
		{2D5DB09B-6E16-4662-960E-34FB3217B070}.Debug|Any CPU.Build.0 = Debug|Any CPU
		{2D5DB09B-6E16-4662-960E-34FB3217B070}.Release|Any CPU.ActiveCfg = Release|Any CPU
		{2D5DB09B-6E16-4662-960E-34FB3217B070}.Release|Any CPU.Build.0 = Release|Any CPU
	EndGlobalSection
	GlobalSection(SolutionProperties) = preSolution
		HideSolutionNode = FALSE
	EndGlobalSection
	GlobalSection(ExtensibilityGlobals) = postSolution
		SolutionGuid = {C26E557B-D8EC-4EF1-B0EB-4DFE525A2724}
	EndGlobalSection
EndGlobal
